
Microsoft Visual Studio Solution File, Format Version 11.00
# Visual Studio 2010
Project("{FAE04EC0-301F-11D3-BF4B-00C04F79EFBC}") = "Renci.Wwt.Core", "Renci.Wwt.Core\Renci.Wwt.Core.csproj", "{1EA138EE-1E16-467D-BA81-F40576130AF7}"
EndProject
Project("{FAE04EC0-301F-11D3-BF4B-00C04F79EFBC}") = "Renci.Wwt.DataManager", "Renci.Wwt.DataManager\Renci.Wwt.DataManager.csproj", "{350BD1C8-0073-4CEB-9976-B3C78A4D80EC}"
EndProject
Project("{FAE04EC0-301F-11D3-BF4B-00C04F79EFBC}") = "Renci.Wwt.Tests", "Renci.Wwt.Tests\Renci.Wwt.Tests.csproj", "{70898A33-5F79-4793-AC38-55962FF9850E}"
EndProject
Project("{2150E333-8FDC-42A3-9474-1A3956D46DE8}") = "Microsoft.Practices", "Microsoft.Practices", "{B1F3C205-BE34-4A2E-AB57-E986FB0E87CC}"
EndProject
Project("{FAE04EC0-301F-11D3-BF4B-00C04F79EFBC}") = "Microsoft.Practices.Prism", "Microsoft.Practices\Prism\Microsoft.Practices.Prism.csproj", "{77138947-1D13-4E22-AEE0-5D0DD046CA34}"
EndProject
Project("{FAE04EC0-301F-11D3-BF4B-00C04F79EFBC}") = "Microsoft.Practices.Prism.UnityExtensions", "Microsoft.Practices\Prism.UnityExtensions\Microsoft.Practices.Prism.UnityExtensions.csproj", "{17831F3B-6B82-4916-BD2B-2CE2071EA622}"
EndProject
Project("{FAE04EC0-301F-11D3-BF4B-00C04F79EFBC}") = "Microsoft.Practices.ServiceLocation", "Microsoft.Practices\ServiceLocation\Microsoft.Practices.ServiceLocation.csproj", "{FAF6D6B2-1EC9-4A1B-83BB-48F772E948CF}"
EndProject
Project("{FAE04EC0-301F-11D3-BF4B-00C04F79EFBC}") = "Microsoft.Practices.Unity", "Microsoft.Practices\Unity\Unity\Src\Microsoft.Practices.Unity.csproj", "{EE1F752C-1FAB-41AD-AD63-857D0E62AB6B}"
EndProject
Project("{FAE04EC0-301F-11D3-BF4B-00C04F79EFBC}") = "Renci.Wwt.DataManager.Common", "Renci.Wwt.DataManager.Common\Renci.Wwt.DataManager.Common.csproj", "{69364B4D-A524-4E77-98D1-571F1448936A}"
EndProject
Project("{FAE04EC0-301F-11D3-BF4B-00C04F79EFBC}") = "Microsoft.Prism.Interactivity", "Microsoft.Practices\Prism.Interactivity\Microsoft.Prism.Interactivity.csproj", "{DE856812-A32C-4866-801E-AF396D711942}"
EndProject
Project("{2150E333-8FDC-42A3-9474-1A3956D46DE8}") = "Assemblies", "Assemblies", "{5F0BAC99-3B45-4067-9662-E8EBD21D9447}"
	ProjectSection(SolutionItems) = preProject
		Assemblies\Microsoft.Expression.Drawing.dll = Assemblies\Microsoft.Expression.Drawing.dll
		Assemblies\Microsoft.Expression.Interactions.dll = Assemblies\Microsoft.Expression.Interactions.dll
		Assemblies\Microsoft.Windows.Shell.dll = Assemblies\Microsoft.Windows.Shell.dll
		Assemblies\System.Windows.Interactivity.dll = Assemblies\System.Windows.Interactivity.dll
	EndProjectSection
EndProject
Project("{FAE04EC0-301F-11D3-BF4B-00C04F79EFBC}") = "RibbonControlsLibrary_v40", "RibbonControlsLibrary\v4.0\RibbonControlsLibrary_v40.csproj", "{2CA5E547-4567-45C9-8240-A408BCA5C714}"
EndProject
Project("{FAE04EC0-301F-11D3-BF4B-00C04F79EFBC}") = "Renci.Wwt.DataManager.NetCDF", "Renci.Wwt.DataManager.NetCDF\Renci.Wwt.DataManager.NetCDF.csproj", "{B74404A5-3CE0-4AB0-9378-D642F6B2ECD3}"
EndProject
Project("{FAE04EC0-301F-11D3-BF4B-00C04F79EFBC}") = "Renci.Wwt.DataManager.Sos", "Renci.Wwt.DataManager.SOS\Renci.Wwt.DataManager.Sos.csproj", "{F828A445-108C-4A20-B596-7E6093C700CB}"
EndProject
Project("{FAE04EC0-301F-11D3-BF4B-00C04F79EFBC}") = "WPFToolkit.Extended", "WPFToolkit.Extended\WPFToolkit.Extended.csproj", "{72E591D6-8F83-4D8C-8F67-9C325E623234}"
EndProject
Project("{FAE04EC0-301F-11D3-BF4B-00C04F79EFBC}") = "Renci.Wwt.DataManager.Filters", "Renci.Wwt.DataManager.Filters\Renci.Wwt.DataManager.Filters.csproj", "{C73E9834-C8DF-4E81-8B4E-6CE23C330FE8}"
EndProject
Global
	GlobalSection(TeamFoundationVersionControl) = preSolution
		SccNumberOfProjects = 14
		SccEnterpriseProvider = {4CA58AB2-18FA-4F8D-95D4-32DDF27D184C}
		SccTeamFoundationServer = https://tfs.codeplex.com/tfs/tfs01
		SccLocalPath0 = .
		SccProjectUniqueName1 = Renci.Wwt.Core\\Renci.Wwt.Core.csproj
		SccProjectName1 = Renci.Wwt.Core
		SccLocalPath1 = Renci.Wwt.Core
		SccProjectUniqueName2 = Renci.Wwt.DataManager\\Renci.Wwt.DataManager.csproj
		SccProjectName2 = Renci.Wwt.DataManager
		SccLocalPath2 = Renci.Wwt.DataManager
		SccProjectUniqueName3 = Microsoft.Practices\\Prism\\Microsoft.Practices.Prism.csproj
		SccProjectTopLevelParentUniqueName3 = Renci.Wwt.sln
		SccProjectName3 = Microsoft.Practices/Prism
		SccLocalPath3 = Microsoft.Practices\\Prism
		SccProjectUniqueName4 = Microsoft.Practices\\Prism.UnityExtensions\\Microsoft.Practices.Prism.UnityExtensions.csproj
		SccProjectTopLevelParentUniqueName4 = Renci.Wwt.sln
		SccProjectName4 = Microsoft.Practices/Prism.UnityExtensions
		SccLocalPath4 = Microsoft.Practices\\Prism.UnityExtensions
		SccProjectUniqueName5 = Microsoft.Practices\\ServiceLocation\\Microsoft.Practices.ServiceLocation.csproj
		SccProjectTopLevelParentUniqueName5 = Renci.Wwt.sln
		SccProjectName5 = Microsoft.Practices/ServiceLocation
		SccLocalPath5 = Microsoft.Practices\\ServiceLocation
		SccProjectUniqueName6 = Microsoft.Practices\\Unity\\Unity\\Src\\Microsoft.Practices.Unity.csproj
		SccProjectTopLevelParentUniqueName6 = Renci.Wwt.sln
		SccProjectName6 = Microsoft.Practices/Unity/Unity/Src
		SccLocalPath6 = Microsoft.Practices\\Unity\\Unity\\Src
		SccProjectUniqueName7 = Renci.Wwt.DataManager.Common\\Renci.Wwt.DataManager.Common.csproj
		SccProjectName7 = Renci.Wwt.DataManager.Common
		SccLocalPath7 = Renci.Wwt.DataManager.Common
		SccProjectUniqueName8 = Microsoft.Practices\\Prism.Interactivity\\Microsoft.Prism.Interactivity.csproj
		SccProjectTopLevelParentUniqueName8 = Renci.Wwt.sln
		SccProjectName8 = Microsoft.Practices/Prism.Interactivity
		SccLocalPath8 = Microsoft.Practices\\Prism.Interactivity
		SccProjectUniqueName9 = RibbonControlsLibrary\\v4.0\\RibbonControlsLibrary_v40.csproj
		SccProjectName9 = RibbonControlsLibrary/v4.0
		SccLocalPath9 = RibbonControlsLibrary\\v4.0
		SccProjectUniqueName10 = Renci.Wwt.DataManager.NetCDF\\Renci.Wwt.DataManager.NetCDF.csproj
		SccProjectName10 = Renci.Wwt.DataManager.NetCDF
		SccLocalPath10 = Renci.Wwt.DataManager.NetCDF
		SccProjectUniqueName11 = Renci.Wwt.DataManager.SOS\\Renci.Wwt.DataManager.Sos.csproj
		SccProjectName11 = Renci.Wwt.DataManager.SOS
		SccLocalPath11 = Renci.Wwt.DataManager.SOS
		SccProjectUniqueName12 = WPFToolkit.Extended\\WPFToolkit.Extended.csproj
		SccProjectName12 = WPFToolkit.Extended
		SccLocalPath12 = WPFToolkit.Extended
		SccProjectUniqueName13 = Renci.Wwt.DataManager.Filters\\Renci.Wwt.DataManager.Filters.csproj
		SccProjectName13 = Renci.Wwt.DataManager.Filters
		SccLocalPath13 = Renci.Wwt.DataManager.Filters
	EndGlobalSection
	GlobalSection(SolutionConfigurationPlatforms) = preSolution
		Debug on Surface|Any CPU = Debug on Surface|Any CPU
		Debug on Surface|Mixed Platforms = Debug on Surface|Mixed Platforms
		Debug on Surface|x64 = Debug on Surface|x64
		Debug on Surface|x86 = Debug on Surface|x86
		Debug|Any CPU = Debug|Any CPU
		Debug|Mixed Platforms = Debug|Mixed Platforms
		Debug|x64 = Debug|x64
		Debug|x86 = Debug|x86
		DelaySignedRelease|Any CPU = DelaySignedRelease|Any CPU
		DelaySignedRelease|Mixed Platforms = DelaySignedRelease|Mixed Platforms
		DelaySignedRelease|x64 = DelaySignedRelease|x64
		DelaySignedRelease|x86 = DelaySignedRelease|x86
		Release with Code Analysis|Any CPU = Release with Code Analysis|Any CPU
		Release with Code Analysis|Mixed Platforms = Release with Code Analysis|Mixed Platforms
		Release with Code Analysis|x64 = Release with Code Analysis|x64
		Release with Code Analysis|x86 = Release with Code Analysis|x86
		Release|Any CPU = Release|Any CPU
		Release|Mixed Platforms = Release|Mixed Platforms
		Release|x64 = Release|x64
		Release|x86 = Release|x86
	EndGlobalSection
	GlobalSection(ProjectConfigurationPlatforms) = postSolution
		{1EA138EE-1E16-467D-BA81-F40576130AF7}.Debug on Surface|Any CPU.ActiveCfg = Debug|Any CPU
		{1EA138EE-1E16-467D-BA81-F40576130AF7}.Debug on Surface|Any CPU.Build.0 = Debug|Any CPU
		{1EA138EE-1E16-467D-BA81-F40576130AF7}.Debug on Surface|Mixed Platforms.ActiveCfg = Debug|Any CPU
		{1EA138EE-1E16-467D-BA81-F40576130AF7}.Debug on Surface|Mixed Platforms.Build.0 = Debug|Any CPU
		{1EA138EE-1E16-467D-BA81-F40576130AF7}.Debug on Surface|x64.ActiveCfg = Debug|Any CPU
		{1EA138EE-1E16-467D-BA81-F40576130AF7}.Debug on Surface|x86.ActiveCfg = Debug|Any CPU
		{1EA138EE-1E16-467D-BA81-F40576130AF7}.Debug|Any CPU.ActiveCfg = Debug|Any CPU
		{1EA138EE-1E16-467D-BA81-F40576130AF7}.Debug|Any CPU.Build.0 = Debug|Any CPU
		{1EA138EE-1E16-467D-BA81-F40576130AF7}.Debug|Mixed Platforms.ActiveCfg = Debug|Any CPU
		{1EA138EE-1E16-467D-BA81-F40576130AF7}.Debug|Mixed Platforms.Build.0 = Debug|Any CPU
		{1EA138EE-1E16-467D-BA81-F40576130AF7}.Debug|x64.ActiveCfg = Debug|Any CPU
		{1EA138EE-1E16-467D-BA81-F40576130AF7}.Debug|x86.ActiveCfg = Debug|Any CPU
		{1EA138EE-1E16-467D-BA81-F40576130AF7}.DelaySignedRelease|Any CPU.ActiveCfg = Release|Any CPU
		{1EA138EE-1E16-467D-BA81-F40576130AF7}.DelaySignedRelease|Any CPU.Build.0 = Release|Any CPU
		{1EA138EE-1E16-467D-BA81-F40576130AF7}.DelaySignedRelease|Mixed Platforms.ActiveCfg = Release|Any CPU
		{1EA138EE-1E16-467D-BA81-F40576130AF7}.DelaySignedRelease|Mixed Platforms.Build.0 = Release|Any CPU
		{1EA138EE-1E16-467D-BA81-F40576130AF7}.DelaySignedRelease|x64.ActiveCfg = Release|Any CPU
		{1EA138EE-1E16-467D-BA81-F40576130AF7}.DelaySignedRelease|x86.ActiveCfg = Release|Any CPU
		{1EA138EE-1E16-467D-BA81-F40576130AF7}.Release with Code Analysis|Any CPU.ActiveCfg = Release|Any CPU
		{1EA138EE-1E16-467D-BA81-F40576130AF7}.Release with Code Analysis|Any CPU.Build.0 = Release|Any CPU
		{1EA138EE-1E16-467D-BA81-F40576130AF7}.Release with Code Analysis|Mixed Platforms.ActiveCfg = Release|Any CPU
		{1EA138EE-1E16-467D-BA81-F40576130AF7}.Release with Code Analysis|Mixed Platforms.Build.0 = Release|Any CPU
		{1EA138EE-1E16-467D-BA81-F40576130AF7}.Release with Code Analysis|x64.ActiveCfg = Release|Any CPU
		{1EA138EE-1E16-467D-BA81-F40576130AF7}.Release with Code Analysis|x86.ActiveCfg = Release|Any CPU
		{1EA138EE-1E16-467D-BA81-F40576130AF7}.Release|Any CPU.ActiveCfg = Release|Any CPU
		{1EA138EE-1E16-467D-BA81-F40576130AF7}.Release|Any CPU.Build.0 = Release|Any CPU
		{1EA138EE-1E16-467D-BA81-F40576130AF7}.Release|Mixed Platforms.ActiveCfg = Release|Any CPU
		{1EA138EE-1E16-467D-BA81-F40576130AF7}.Release|Mixed Platforms.Build.0 = Release|Any CPU
		{1EA138EE-1E16-467D-BA81-F40576130AF7}.Release|x64.ActiveCfg = Release|Any CPU
		{1EA138EE-1E16-467D-BA81-F40576130AF7}.Release|x86.ActiveCfg = Release|Any CPU
		{350BD1C8-0073-4CEB-9976-B3C78A4D80EC}.Debug on Surface|Any CPU.ActiveCfg = Debug|x86
		{350BD1C8-0073-4CEB-9976-B3C78A4D80EC}.Debug on Surface|Mixed Platforms.ActiveCfg = Debug|x86
		{350BD1C8-0073-4CEB-9976-B3C78A4D80EC}.Debug on Surface|Mixed Platforms.Build.0 = Debug|x86
		{350BD1C8-0073-4CEB-9976-B3C78A4D80EC}.Debug on Surface|x64.ActiveCfg = Debug|x86
		{350BD1C8-0073-4CEB-9976-B3C78A4D80EC}.Debug on Surface|x86.ActiveCfg = Debug|x86
		{350BD1C8-0073-4CEB-9976-B3C78A4D80EC}.Debug on Surface|x86.Build.0 = Debug|x86
		{350BD1C8-0073-4CEB-9976-B3C78A4D80EC}.Debug|Any CPU.ActiveCfg = Debug|x86
		{350BD1C8-0073-4CEB-9976-B3C78A4D80EC}.Debug|Mixed Platforms.ActiveCfg = Debug|x86
		{350BD1C8-0073-4CEB-9976-B3C78A4D80EC}.Debug|Mixed Platforms.Build.0 = Debug|x86
		{350BD1C8-0073-4CEB-9976-B3C78A4D80EC}.Debug|x64.ActiveCfg = Debug|x86
		{350BD1C8-0073-4CEB-9976-B3C78A4D80EC}.Debug|x86.ActiveCfg = Debug|x86
		{350BD1C8-0073-4CEB-9976-B3C78A4D80EC}.Debug|x86.Build.0 = Debug|x86
		{350BD1C8-0073-4CEB-9976-B3C78A4D80EC}.DelaySignedRelease|Any CPU.ActiveCfg = Release|x86
		{350BD1C8-0073-4CEB-9976-B3C78A4D80EC}.DelaySignedRelease|Mixed Platforms.ActiveCfg = Release|x86
		{350BD1C8-0073-4CEB-9976-B3C78A4D80EC}.DelaySignedRelease|Mixed Platforms.Build.0 = Release|x86
		{350BD1C8-0073-4CEB-9976-B3C78A4D80EC}.DelaySignedRelease|x64.ActiveCfg = Release|x86
		{350BD1C8-0073-4CEB-9976-B3C78A4D80EC}.DelaySignedRelease|x86.ActiveCfg = Release|x86
		{350BD1C8-0073-4CEB-9976-B3C78A4D80EC}.DelaySignedRelease|x86.Build.0 = Release|x86
		{350BD1C8-0073-4CEB-9976-B3C78A4D80EC}.Release with Code Analysis|Any CPU.ActiveCfg = Release|x86
		{350BD1C8-0073-4CEB-9976-B3C78A4D80EC}.Release with Code Analysis|Mixed Platforms.ActiveCfg = Release|x86
		{350BD1C8-0073-4CEB-9976-B3C78A4D80EC}.Release with Code Analysis|Mixed Platforms.Build.0 = Release|x86
		{350BD1C8-0073-4CEB-9976-B3C78A4D80EC}.Release with Code Analysis|x64.ActiveCfg = Release|x86
		{350BD1C8-0073-4CEB-9976-B3C78A4D80EC}.Release with Code Analysis|x86.ActiveCfg = Release|x86
		{350BD1C8-0073-4CEB-9976-B3C78A4D80EC}.Release with Code Analysis|x86.Build.0 = Release|x86
		{350BD1C8-0073-4CEB-9976-B3C78A4D80EC}.Release|Any CPU.ActiveCfg = Release|x86
		{350BD1C8-0073-4CEB-9976-B3C78A4D80EC}.Release|Mixed Platforms.ActiveCfg = Release|x86
		{350BD1C8-0073-4CEB-9976-B3C78A4D80EC}.Release|Mixed Platforms.Build.0 = Release|x86
		{350BD1C8-0073-4CEB-9976-B3C78A4D80EC}.Release|x64.ActiveCfg = Release|x86
		{350BD1C8-0073-4CEB-9976-B3C78A4D80EC}.Release|x86.ActiveCfg = Release|x86
		{350BD1C8-0073-4CEB-9976-B3C78A4D80EC}.Release|x86.Build.0 = Release|x86
		{70898A33-5F79-4793-AC38-55962FF9850E}.Debug on Surface|Any CPU.ActiveCfg = Debug|x86
		{70898A33-5F79-4793-AC38-55962FF9850E}.Debug on Surface|Mixed Platforms.ActiveCfg = Debug|x86
		{70898A33-5F79-4793-AC38-55962FF9850E}.Debug on Surface|Mixed Platforms.Build.0 = Debug|x86
		{70898A33-5F79-4793-AC38-55962FF9850E}.Debug on Surface|x64.ActiveCfg = Debug|x86
		{70898A33-5F79-4793-AC38-55962FF9850E}.Debug on Surface|x86.ActiveCfg = Debug|x86
		{70898A33-5F79-4793-AC38-55962FF9850E}.Debug on Surface|x86.Build.0 = Debug|x86
		{70898A33-5F79-4793-AC38-55962FF9850E}.Debug|Any CPU.ActiveCfg = Debug|x86
		{70898A33-5F79-4793-AC38-55962FF9850E}.Debug|Mixed Platforms.ActiveCfg = Debug|x86
		{70898A33-5F79-4793-AC38-55962FF9850E}.Debug|Mixed Platforms.Build.0 = Debug|x86
		{70898A33-5F79-4793-AC38-55962FF9850E}.Debug|x64.ActiveCfg = Debug|x86
		{70898A33-5F79-4793-AC38-55962FF9850E}.Debug|x86.ActiveCfg = Debug|x86
		{70898A33-5F79-4793-AC38-55962FF9850E}.Debug|x86.Build.0 = Debug|x86
		{70898A33-5F79-4793-AC38-55962FF9850E}.DelaySignedRelease|Any CPU.ActiveCfg = Release|x86
		{70898A33-5F79-4793-AC38-55962FF9850E}.DelaySignedRelease|Mixed Platforms.ActiveCfg = Release|x86
		{70898A33-5F79-4793-AC38-55962FF9850E}.DelaySignedRelease|Mixed Platforms.Build.0 = Release|x86
		{70898A33-5F79-4793-AC38-55962FF9850E}.DelaySignedRelease|x64.ActiveCfg = Release|x86
		{70898A33-5F79-4793-AC38-55962FF9850E}.DelaySignedRelease|x86.ActiveCfg = Release|x86
		{70898A33-5F79-4793-AC38-55962FF9850E}.DelaySignedRelease|x86.Build.0 = Release|x86
		{70898A33-5F79-4793-AC38-55962FF9850E}.Release with Code Analysis|Any CPU.ActiveCfg = Release|x86
		{70898A33-5F79-4793-AC38-55962FF9850E}.Release with Code Analysis|Mixed Platforms.ActiveCfg = Release|x86
		{70898A33-5F79-4793-AC38-55962FF9850E}.Release with Code Analysis|Mixed Platforms.Build.0 = Release|x86
		{70898A33-5F79-4793-AC38-55962FF9850E}.Release with Code Analysis|x64.ActiveCfg = Release|x86
		{70898A33-5F79-4793-AC38-55962FF9850E}.Release with Code Analysis|x86.ActiveCfg = Release|x86
		{70898A33-5F79-4793-AC38-55962FF9850E}.Release with Code Analysis|x86.Build.0 = Release|x86
		{70898A33-5F79-4793-AC38-55962FF9850E}.Release|Any CPU.ActiveCfg = Release|x86
		{70898A33-5F79-4793-AC38-55962FF9850E}.Release|Mixed Platforms.ActiveCfg = Release|x86
		{70898A33-5F79-4793-AC38-55962FF9850E}.Release|Mixed Platforms.Build.0 = Release|x86
		{70898A33-5F79-4793-AC38-55962FF9850E}.Release|x64.ActiveCfg = Release|x86
		{70898A33-5F79-4793-AC38-55962FF9850E}.Release|x86.ActiveCfg = Release|x86
		{70898A33-5F79-4793-AC38-55962FF9850E}.Release|x86.Build.0 = Release|x86
		{77138947-1D13-4E22-AEE0-5D0DD046CA34}.Debug on Surface|Any CPU.ActiveCfg = Debug|Any CPU
		{77138947-1D13-4E22-AEE0-5D0DD046CA34}.Debug on Surface|Any CPU.Build.0 = Debug|Any CPU
		{77138947-1D13-4E22-AEE0-5D0DD046CA34}.Debug on Surface|Mixed Platforms.ActiveCfg = Debug|Any CPU
		{77138947-1D13-4E22-AEE0-5D0DD046CA34}.Debug on Surface|Mixed Platforms.Build.0 = Debug|Any CPU
		{77138947-1D13-4E22-AEE0-5D0DD046CA34}.Debug on Surface|x64.ActiveCfg = Debug|Any CPU
		{77138947-1D13-4E22-AEE0-5D0DD046CA34}.Debug on Surface|x86.ActiveCfg = Debug|Any CPU
		{77138947-1D13-4E22-AEE0-5D0DD046CA34}.Debug|Any CPU.ActiveCfg = Debug|Any CPU
		{77138947-1D13-4E22-AEE0-5D0DD046CA34}.Debug|Any CPU.Build.0 = Debug|Any CPU
		{77138947-1D13-4E22-AEE0-5D0DD046CA34}.Debug|Mixed Platforms.ActiveCfg = Debug|Any CPU
		{77138947-1D13-4E22-AEE0-5D0DD046CA34}.Debug|Mixed Platforms.Build.0 = Debug|Any CPU
		{77138947-1D13-4E22-AEE0-5D0DD046CA34}.Debug|x64.ActiveCfg = Debug|Any CPU
		{77138947-1D13-4E22-AEE0-5D0DD046CA34}.Debug|x86.ActiveCfg = Debug|Any CPU
		{77138947-1D13-4E22-AEE0-5D0DD046CA34}.DelaySignedRelease|Any CPU.ActiveCfg = Release|Any CPU
		{77138947-1D13-4E22-AEE0-5D0DD046CA34}.DelaySignedRelease|Any CPU.Build.0 = Release|Any CPU
		{77138947-1D13-4E22-AEE0-5D0DD046CA34}.DelaySignedRelease|Mixed Platforms.ActiveCfg = Release|Any CPU
		{77138947-1D13-4E22-AEE0-5D0DD046CA34}.DelaySignedRelease|Mixed Platforms.Build.0 = Release|Any CPU
		{77138947-1D13-4E22-AEE0-5D0DD046CA34}.DelaySignedRelease|x64.ActiveCfg = Release|Any CPU
		{77138947-1D13-4E22-AEE0-5D0DD046CA34}.DelaySignedRelease|x86.ActiveCfg = Release|Any CPU
		{77138947-1D13-4E22-AEE0-5D0DD046CA34}.Release with Code Analysis|Any CPU.ActiveCfg = Release|Any CPU
		{77138947-1D13-4E22-AEE0-5D0DD046CA34}.Release with Code Analysis|Any CPU.Build.0 = Release|Any CPU
		{77138947-1D13-4E22-AEE0-5D0DD046CA34}.Release with Code Analysis|Mixed Platforms.ActiveCfg = Release|Any CPU
		{77138947-1D13-4E22-AEE0-5D0DD046CA34}.Release with Code Analysis|Mixed Platforms.Build.0 = Release|Any CPU
		{77138947-1D13-4E22-AEE0-5D0DD046CA34}.Release with Code Analysis|x64.ActiveCfg = Release|Any CPU
		{77138947-1D13-4E22-AEE0-5D0DD046CA34}.Release with Code Analysis|x86.ActiveCfg = Release|Any CPU
		{77138947-1D13-4E22-AEE0-5D0DD046CA34}.Release|Any CPU.ActiveCfg = Release|Any CPU
		{77138947-1D13-4E22-AEE0-5D0DD046CA34}.Release|Any CPU.Build.0 = Release|Any CPU
		{77138947-1D13-4E22-AEE0-5D0DD046CA34}.Release|Mixed Platforms.ActiveCfg = Release|Any CPU
		{77138947-1D13-4E22-AEE0-5D0DD046CA34}.Release|Mixed Platforms.Build.0 = Release|Any CPU
		{77138947-1D13-4E22-AEE0-5D0DD046CA34}.Release|x64.ActiveCfg = Release|Any CPU
		{77138947-1D13-4E22-AEE0-5D0DD046CA34}.Release|x86.ActiveCfg = Release|Any CPU
		{17831F3B-6B82-4916-BD2B-2CE2071EA622}.Debug on Surface|Any CPU.ActiveCfg = Debug|Any CPU
		{17831F3B-6B82-4916-BD2B-2CE2071EA622}.Debug on Surface|Any CPU.Build.0 = Debug|Any CPU
		{17831F3B-6B82-4916-BD2B-2CE2071EA622}.Debug on Surface|Mixed Platforms.ActiveCfg = Debug|Any CPU
		{17831F3B-6B82-4916-BD2B-2CE2071EA622}.Debug on Surface|Mixed Platforms.Build.0 = Debug|Any CPU
		{17831F3B-6B82-4916-BD2B-2CE2071EA622}.Debug on Surface|x64.ActiveCfg = Debug|Any CPU
		{17831F3B-6B82-4916-BD2B-2CE2071EA622}.Debug on Surface|x86.ActiveCfg = Debug|Any CPU
		{17831F3B-6B82-4916-BD2B-2CE2071EA622}.Debug|Any CPU.ActiveCfg = Debug|Any CPU
		{17831F3B-6B82-4916-BD2B-2CE2071EA622}.Debug|Any CPU.Build.0 = Debug|Any CPU
		{17831F3B-6B82-4916-BD2B-2CE2071EA622}.Debug|Mixed Platforms.ActiveCfg = Debug|Any CPU
		{17831F3B-6B82-4916-BD2B-2CE2071EA622}.Debug|Mixed Platforms.Build.0 = Debug|Any CPU
		{17831F3B-6B82-4916-BD2B-2CE2071EA622}.Debug|x64.ActiveCfg = Debug|Any CPU
		{17831F3B-6B82-4916-BD2B-2CE2071EA622}.Debug|x86.ActiveCfg = Debug|Any CPU
		{17831F3B-6B82-4916-BD2B-2CE2071EA622}.DelaySignedRelease|Any CPU.ActiveCfg = Release|Any CPU
		{17831F3B-6B82-4916-BD2B-2CE2071EA622}.DelaySignedRelease|Any CPU.Build.0 = Release|Any CPU
		{17831F3B-6B82-4916-BD2B-2CE2071EA622}.DelaySignedRelease|Mixed Platforms.ActiveCfg = Release|Any CPU
		{17831F3B-6B82-4916-BD2B-2CE2071EA622}.DelaySignedRelease|Mixed Platforms.Build.0 = Release|Any CPU
		{17831F3B-6B82-4916-BD2B-2CE2071EA622}.DelaySignedRelease|x64.ActiveCfg = Release|Any CPU
		{17831F3B-6B82-4916-BD2B-2CE2071EA622}.DelaySignedRelease|x86.ActiveCfg = Release|Any CPU
		{17831F3B-6B82-4916-BD2B-2CE2071EA622}.Release with Code Analysis|Any CPU.ActiveCfg = Release|Any CPU
		{17831F3B-6B82-4916-BD2B-2CE2071EA622}.Release with Code Analysis|Any CPU.Build.0 = Release|Any CPU
		{17831F3B-6B82-4916-BD2B-2CE2071EA622}.Release with Code Analysis|Mixed Platforms.ActiveCfg = Release|Any CPU
		{17831F3B-6B82-4916-BD2B-2CE2071EA622}.Release with Code Analysis|Mixed Platforms.Build.0 = Release|Any CPU
		{17831F3B-6B82-4916-BD2B-2CE2071EA622}.Release with Code Analysis|x64.ActiveCfg = Release|Any CPU
		{17831F3B-6B82-4916-BD2B-2CE2071EA622}.Release with Code Analysis|x86.ActiveCfg = Release|Any CPU
		{17831F3B-6B82-4916-BD2B-2CE2071EA622}.Release|Any CPU.ActiveCfg = Release|Any CPU
		{17831F3B-6B82-4916-BD2B-2CE2071EA622}.Release|Any CPU.Build.0 = Release|Any CPU
		{17831F3B-6B82-4916-BD2B-2CE2071EA622}.Release|Mixed Platforms.ActiveCfg = Release|Any CPU
		{17831F3B-6B82-4916-BD2B-2CE2071EA622}.Release|Mixed Platforms.Build.0 = Release|Any CPU
		{17831F3B-6B82-4916-BD2B-2CE2071EA622}.Release|x64.ActiveCfg = Release|Any CPU
		{17831F3B-6B82-4916-BD2B-2CE2071EA622}.Release|x86.ActiveCfg = Release|Any CPU
		{FAF6D6B2-1EC9-4A1B-83BB-48F772E948CF}.Debug on Surface|Any CPU.ActiveCfg = Debug|Any CPU
		{FAF6D6B2-1EC9-4A1B-83BB-48F772E948CF}.Debug on Surface|Any CPU.Build.0 = Debug|Any CPU
		{FAF6D6B2-1EC9-4A1B-83BB-48F772E948CF}.Debug on Surface|Mixed Platforms.ActiveCfg = Debug|Any CPU
		{FAF6D6B2-1EC9-4A1B-83BB-48F772E948CF}.Debug on Surface|Mixed Platforms.Build.0 = Debug|Any CPU
		{FAF6D6B2-1EC9-4A1B-83BB-48F772E948CF}.Debug on Surface|x64.ActiveCfg = Debug|Any CPU
		{FAF6D6B2-1EC9-4A1B-83BB-48F772E948CF}.Debug on Surface|x86.ActiveCfg = Debug|Any CPU
		{FAF6D6B2-1EC9-4A1B-83BB-48F772E948CF}.Debug|Any CPU.ActiveCfg = Debug|Any CPU
		{FAF6D6B2-1EC9-4A1B-83BB-48F772E948CF}.Debug|Any CPU.Build.0 = Debug|Any CPU
		{FAF6D6B2-1EC9-4A1B-83BB-48F772E948CF}.Debug|Mixed Platforms.ActiveCfg = Debug|Any CPU
		{FAF6D6B2-1EC9-4A1B-83BB-48F772E948CF}.Debug|Mixed Platforms.Build.0 = Debug|Any CPU
		{FAF6D6B2-1EC9-4A1B-83BB-48F772E948CF}.Debug|x64.ActiveCfg = Debug|Any CPU
		{FAF6D6B2-1EC9-4A1B-83BB-48F772E948CF}.Debug|x86.ActiveCfg = Debug|Any CPU
		{FAF6D6B2-1EC9-4A1B-83BB-48F772E948CF}.DelaySignedRelease|Any CPU.ActiveCfg = Release|Any CPU
		{FAF6D6B2-1EC9-4A1B-83BB-48F772E948CF}.DelaySignedRelease|Any CPU.Build.0 = Release|Any CPU
		{FAF6D6B2-1EC9-4A1B-83BB-48F772E948CF}.DelaySignedRelease|Mixed Platforms.ActiveCfg = Release|Any CPU
		{FAF6D6B2-1EC9-4A1B-83BB-48F772E948CF}.DelaySignedRelease|Mixed Platforms.Build.0 = Release|Any CPU
		{FAF6D6B2-1EC9-4A1B-83BB-48F772E948CF}.DelaySignedRelease|x64.ActiveCfg = Release|Any CPU
		{FAF6D6B2-1EC9-4A1B-83BB-48F772E948CF}.DelaySignedRelease|x86.ActiveCfg = Release|Any CPU
		{FAF6D6B2-1EC9-4A1B-83BB-48F772E948CF}.Release with Code Analysis|Any CPU.ActiveCfg = Release|Any CPU
		{FAF6D6B2-1EC9-4A1B-83BB-48F772E948CF}.Release with Code Analysis|Any CPU.Build.0 = Release|Any CPU
		{FAF6D6B2-1EC9-4A1B-83BB-48F772E948CF}.Release with Code Analysis|Mixed Platforms.ActiveCfg = Release|Any CPU
		{FAF6D6B2-1EC9-4A1B-83BB-48F772E948CF}.Release with Code Analysis|Mixed Platforms.Build.0 = Release|Any CPU
		{FAF6D6B2-1EC9-4A1B-83BB-48F772E948CF}.Release with Code Analysis|x64.ActiveCfg = Release|Any CPU
		{FAF6D6B2-1EC9-4A1B-83BB-48F772E948CF}.Release with Code Analysis|x86.ActiveCfg = Release|Any CPU
		{FAF6D6B2-1EC9-4A1B-83BB-48F772E948CF}.Release|Any CPU.ActiveCfg = Release|Any CPU
		{FAF6D6B2-1EC9-4A1B-83BB-48F772E948CF}.Release|Any CPU.Build.0 = Release|Any CPU
		{FAF6D6B2-1EC9-4A1B-83BB-48F772E948CF}.Release|Mixed Platforms.ActiveCfg = Release|Any CPU
		{FAF6D6B2-1EC9-4A1B-83BB-48F772E948CF}.Release|Mixed Platforms.Build.0 = Release|Any CPU
		{FAF6D6B2-1EC9-4A1B-83BB-48F772E948CF}.Release|x64.ActiveCfg = Release|Any CPU
		{FAF6D6B2-1EC9-4A1B-83BB-48F772E948CF}.Release|x86.ActiveCfg = Release|Any CPU
		{EE1F752C-1FAB-41AD-AD63-857D0E62AB6B}.Debug on Surface|Any CPU.ActiveCfg = Debug|Any CPU
		{EE1F752C-1FAB-41AD-AD63-857D0E62AB6B}.Debug on Surface|Any CPU.Build.0 = Debug|Any CPU
		{EE1F752C-1FAB-41AD-AD63-857D0E62AB6B}.Debug on Surface|Mixed Platforms.ActiveCfg = Debug|Any CPU
		{EE1F752C-1FAB-41AD-AD63-857D0E62AB6B}.Debug on Surface|Mixed Platforms.Build.0 = Debug|Any CPU
		{EE1F752C-1FAB-41AD-AD63-857D0E62AB6B}.Debug on Surface|x64.ActiveCfg = Debug|Any CPU
		{EE1F752C-1FAB-41AD-AD63-857D0E62AB6B}.Debug on Surface|x86.ActiveCfg = Debug|Any CPU
		{EE1F752C-1FAB-41AD-AD63-857D0E62AB6B}.Debug|Any CPU.ActiveCfg = Debug|Any CPU
		{EE1F752C-1FAB-41AD-AD63-857D0E62AB6B}.Debug|Any CPU.Build.0 = Debug|Any CPU
		{EE1F752C-1FAB-41AD-AD63-857D0E62AB6B}.Debug|Mixed Platforms.ActiveCfg = Debug|Any CPU
		{EE1F752C-1FAB-41AD-AD63-857D0E62AB6B}.Debug|Mixed Platforms.Build.0 = Debug|Any CPU
		{EE1F752C-1FAB-41AD-AD63-857D0E62AB6B}.Debug|x64.ActiveCfg = Debug|Any CPU
		{EE1F752C-1FAB-41AD-AD63-857D0E62AB6B}.Debug|x86.ActiveCfg = Debug|Any CPU
		{EE1F752C-1FAB-41AD-AD63-857D0E62AB6B}.DelaySignedRelease|Any CPU.ActiveCfg = Release|Any CPU
		{EE1F752C-1FAB-41AD-AD63-857D0E62AB6B}.DelaySignedRelease|Any CPU.Build.0 = Release|Any CPU
		{EE1F752C-1FAB-41AD-AD63-857D0E62AB6B}.DelaySignedRelease|Mixed Platforms.ActiveCfg = Release|Any CPU
		{EE1F752C-1FAB-41AD-AD63-857D0E62AB6B}.DelaySignedRelease|Mixed Platforms.Build.0 = Release|Any CPU
		{EE1F752C-1FAB-41AD-AD63-857D0E62AB6B}.DelaySignedRelease|x64.ActiveCfg = Release|Any CPU
		{EE1F752C-1FAB-41AD-AD63-857D0E62AB6B}.DelaySignedRelease|x86.ActiveCfg = Release|Any CPU
		{EE1F752C-1FAB-41AD-AD63-857D0E62AB6B}.Release with Code Analysis|Any CPU.ActiveCfg = Release|Any CPU
		{EE1F752C-1FAB-41AD-AD63-857D0E62AB6B}.Release with Code Analysis|Any CPU.Build.0 = Release|Any CPU
		{EE1F752C-1FAB-41AD-AD63-857D0E62AB6B}.Release with Code Analysis|Mixed Platforms.ActiveCfg = Release|Any CPU
		{EE1F752C-1FAB-41AD-AD63-857D0E62AB6B}.Release with Code Analysis|Mixed Platforms.Build.0 = Release|Any CPU
		{EE1F752C-1FAB-41AD-AD63-857D0E62AB6B}.Release with Code Analysis|x64.ActiveCfg = Release|Any CPU
		{EE1F752C-1FAB-41AD-AD63-857D0E62AB6B}.Release with Code Analysis|x86.ActiveCfg = Release|Any CPU
		{EE1F752C-1FAB-41AD-AD63-857D0E62AB6B}.Release|Any CPU.ActiveCfg = Release|Any CPU
		{EE1F752C-1FAB-41AD-AD63-857D0E62AB6B}.Release|Any CPU.Build.0 = Release|Any CPU
		{EE1F752C-1FAB-41AD-AD63-857D0E62AB6B}.Release|Mixed Platforms.ActiveCfg = Release|Any CPU
		{EE1F752C-1FAB-41AD-AD63-857D0E62AB6B}.Release|Mixed Platforms.Build.0 = Release|Any CPU
		{EE1F752C-1FAB-41AD-AD63-857D0E62AB6B}.Release|x64.ActiveCfg = Release|Any CPU
		{EE1F752C-1FAB-41AD-AD63-857D0E62AB6B}.Release|x86.ActiveCfg = Release|Any CPU
		{69364B4D-A524-4E77-98D1-571F1448936A}.Debug on Surface|Any CPU.ActiveCfg = Debug|Any CPU
		{69364B4D-A524-4E77-98D1-571F1448936A}.Debug on Surface|Any CPU.Build.0 = Debug|Any CPU
		{69364B4D-A524-4E77-98D1-571F1448936A}.Debug on Surface|Mixed Platforms.ActiveCfg = Debug|Any CPU
		{69364B4D-A524-4E77-98D1-571F1448936A}.Debug on Surface|Mixed Platforms.Build.0 = Debug|Any CPU
		{69364B4D-A524-4E77-98D1-571F1448936A}.Debug on Surface|x64.ActiveCfg = Debug|Any CPU
		{69364B4D-A524-4E77-98D1-571F1448936A}.Debug on Surface|x86.ActiveCfg = Debug|Any CPU
		{69364B4D-A524-4E77-98D1-571F1448936A}.Debug|Any CPU.ActiveCfg = Debug|Any CPU
		{69364B4D-A524-4E77-98D1-571F1448936A}.Debug|Any CPU.Build.0 = Debug|Any CPU
		{69364B4D-A524-4E77-98D1-571F1448936A}.Debug|Mixed Platforms.ActiveCfg = Debug|Any CPU
		{69364B4D-A524-4E77-98D1-571F1448936A}.Debug|Mixed Platforms.Build.0 = Debug|Any CPU
		{69364B4D-A524-4E77-98D1-571F1448936A}.Debug|x64.ActiveCfg = Debug|Any CPU
		{69364B4D-A524-4E77-98D1-571F1448936A}.Debug|x86.ActiveCfg = Debug|Any CPU
		{69364B4D-A524-4E77-98D1-571F1448936A}.DelaySignedRelease|Any CPU.ActiveCfg = Release|Any CPU
		{69364B4D-A524-4E77-98D1-571F1448936A}.DelaySignedRelease|Any CPU.Build.0 = Release|Any CPU
		{69364B4D-A524-4E77-98D1-571F1448936A}.DelaySignedRelease|Mixed Platforms.ActiveCfg = Release|Any CPU
		{69364B4D-A524-4E77-98D1-571F1448936A}.DelaySignedRelease|Mixed Platforms.Build.0 = Release|Any CPU
		{69364B4D-A524-4E77-98D1-571F1448936A}.DelaySignedRelease|x64.ActiveCfg = Release|Any CPU
		{69364B4D-A524-4E77-98D1-571F1448936A}.DelaySignedRelease|x86.ActiveCfg = Release|Any CPU
		{69364B4D-A524-4E77-98D1-571F1448936A}.Release with Code Analysis|Any CPU.ActiveCfg = Release|Any CPU
		{69364B4D-A524-4E77-98D1-571F1448936A}.Release with Code Analysis|Any CPU.Build.0 = Release|Any CPU
		{69364B4D-A524-4E77-98D1-571F1448936A}.Release with Code Analysis|Mixed Platforms.ActiveCfg = Release|Any CPU
		{69364B4D-A524-4E77-98D1-571F1448936A}.Release with Code Analysis|Mixed Platforms.Build.0 = Release|Any CPU
		{69364B4D-A524-4E77-98D1-571F1448936A}.Release with Code Analysis|x64.ActiveCfg = Release|Any CPU
		{69364B4D-A524-4E77-98D1-571F1448936A}.Release with Code Analysis|x86.ActiveCfg = Release|Any CPU
		{69364B4D-A524-4E77-98D1-571F1448936A}.Release|Any CPU.ActiveCfg = Release|Any CPU
		{69364B4D-A524-4E77-98D1-571F1448936A}.Release|Any CPU.Build.0 = Release|Any CPU
		{69364B4D-A524-4E77-98D1-571F1448936A}.Release|Mixed Platforms.ActiveCfg = Release|Any CPU
		{69364B4D-A524-4E77-98D1-571F1448936A}.Release|Mixed Platforms.Build.0 = Release|Any CPU
		{69364B4D-A524-4E77-98D1-571F1448936A}.Release|x64.ActiveCfg = Release|Any CPU
		{69364B4D-A524-4E77-98D1-571F1448936A}.Release|x86.ActiveCfg = Release|Any CPU
		{DE856812-A32C-4866-801E-AF396D711942}.Debug on Surface|Any CPU.ActiveCfg = Debug|Any CPU
		{DE856812-A32C-4866-801E-AF396D711942}.Debug on Surface|Any CPU.Build.0 = Debug|Any CPU
		{DE856812-A32C-4866-801E-AF396D711942}.Debug on Surface|Mixed Platforms.ActiveCfg = Debug|Any CPU
		{DE856812-A32C-4866-801E-AF396D711942}.Debug on Surface|Mixed Platforms.Build.0 = Debug|Any CPU
		{DE856812-A32C-4866-801E-AF396D711942}.Debug on Surface|x64.ActiveCfg = Debug|Any CPU
		{DE856812-A32C-4866-801E-AF396D711942}.Debug on Surface|x86.ActiveCfg = Debug|Any CPU
		{DE856812-A32C-4866-801E-AF396D711942}.Debug|Any CPU.ActiveCfg = Debug|Any CPU
		{DE856812-A32C-4866-801E-AF396D711942}.Debug|Any CPU.Build.0 = Debug|Any CPU
		{DE856812-A32C-4866-801E-AF396D711942}.Debug|Mixed Platforms.ActiveCfg = Debug|Any CPU
		{DE856812-A32C-4866-801E-AF396D711942}.Debug|Mixed Platforms.Build.0 = Debug|Any CPU
		{DE856812-A32C-4866-801E-AF396D711942}.Debug|x64.ActiveCfg = Debug|Any CPU
		{DE856812-A32C-4866-801E-AF396D711942}.Debug|x86.ActiveCfg = Debug|Any CPU
		{DE856812-A32C-4866-801E-AF396D711942}.DelaySignedRelease|Any CPU.ActiveCfg = Release|Any CPU
		{DE856812-A32C-4866-801E-AF396D711942}.DelaySignedRelease|Any CPU.Build.0 = Release|Any CPU
		{DE856812-A32C-4866-801E-AF396D711942}.DelaySignedRelease|Mixed Platforms.ActiveCfg = Release|Any CPU
		{DE856812-A32C-4866-801E-AF396D711942}.DelaySignedRelease|Mixed Platforms.Build.0 = Release|Any CPU
		{DE856812-A32C-4866-801E-AF396D711942}.DelaySignedRelease|x64.ActiveCfg = Release|Any CPU
		{DE856812-A32C-4866-801E-AF396D711942}.DelaySignedRelease|x86.ActiveCfg = Release|Any CPU
		{DE856812-A32C-4866-801E-AF396D711942}.Release with Code Analysis|Any CPU.ActiveCfg = Release|Any CPU
		{DE856812-A32C-4866-801E-AF396D711942}.Release with Code Analysis|Any CPU.Build.0 = Release|Any CPU
		{DE856812-A32C-4866-801E-AF396D711942}.Release with Code Analysis|Mixed Platforms.ActiveCfg = Release|Any CPU
		{DE856812-A32C-4866-801E-AF396D711942}.Release with Code Analysis|Mixed Platforms.Build.0 = Release|Any CPU
		{DE856812-A32C-4866-801E-AF396D711942}.Release with Code Analysis|x64.ActiveCfg = Release|Any CPU
		{DE856812-A32C-4866-801E-AF396D711942}.Release with Code Analysis|x86.ActiveCfg = Release|Any CPU
		{DE856812-A32C-4866-801E-AF396D711942}.Release|Any CPU.ActiveCfg = Release|Any CPU
		{DE856812-A32C-4866-801E-AF396D711942}.Release|Any CPU.Build.0 = Release|Any CPU
		{DE856812-A32C-4866-801E-AF396D711942}.Release|Mixed Platforms.ActiveCfg = Release|Any CPU
		{DE856812-A32C-4866-801E-AF396D711942}.Release|Mixed Platforms.Build.0 = Release|Any CPU
		{DE856812-A32C-4866-801E-AF396D711942}.Release|x64.ActiveCfg = Release|Any CPU
		{DE856812-A32C-4866-801E-AF396D711942}.Release|x86.ActiveCfg = Release|Any CPU
		{2CA5E547-4567-45C9-8240-A408BCA5C714}.Debug on Surface|Any CPU.ActiveCfg = Debug|Any CPU
		{2CA5E547-4567-45C9-8240-A408BCA5C714}.Debug on Surface|Any CPU.Build.0 = Debug|Any CPU
		{2CA5E547-4567-45C9-8240-A408BCA5C714}.Debug on Surface|Mixed Platforms.ActiveCfg = Debug|Any CPU
		{2CA5E547-4567-45C9-8240-A408BCA5C714}.Debug on Surface|Mixed Platforms.Build.0 = Debug|Any CPU
		{2CA5E547-4567-45C9-8240-A408BCA5C714}.Debug on Surface|x64.ActiveCfg = Debug|Any CPU
		{2CA5E547-4567-45C9-8240-A408BCA5C714}.Debug on Surface|x86.ActiveCfg = Debug|Any CPU
		{2CA5E547-4567-45C9-8240-A408BCA5C714}.Debug|Any CPU.ActiveCfg = Debug|Any CPU
		{2CA5E547-4567-45C9-8240-A408BCA5C714}.Debug|Any CPU.Build.0 = Debug|Any CPU
		{2CA5E547-4567-45C9-8240-A408BCA5C714}.Debug|Mixed Platforms.ActiveCfg = Debug|Any CPU
		{2CA5E547-4567-45C9-8240-A408BCA5C714}.Debug|Mixed Platforms.Build.0 = Debug|Any CPU
		{2CA5E547-4567-45C9-8240-A408BCA5C714}.Debug|x64.ActiveCfg = Debug|Any CPU
		{2CA5E547-4567-45C9-8240-A408BCA5C714}.Debug|x86.ActiveCfg = Debug|Any CPU
		{2CA5E547-4567-45C9-8240-A408BCA5C714}.DelaySignedRelease|Any CPU.ActiveCfg = Release|Any CPU
		{2CA5E547-4567-45C9-8240-A408BCA5C714}.DelaySignedRelease|Any CPU.Build.0 = Release|Any CPU
		{2CA5E547-4567-45C9-8240-A408BCA5C714}.DelaySignedRelease|Mixed Platforms.ActiveCfg = Release|Any CPU
		{2CA5E547-4567-45C9-8240-A408BCA5C714}.DelaySignedRelease|Mixed Platforms.Build.0 = Release|Any CPU
		{2CA5E547-4567-45C9-8240-A408BCA5C714}.DelaySignedRelease|x64.ActiveCfg = Release|Any CPU
		{2CA5E547-4567-45C9-8240-A408BCA5C714}.DelaySignedRelease|x86.ActiveCfg = Release|Any CPU
		{2CA5E547-4567-45C9-8240-A408BCA5C714}.Release with Code Analysis|Any CPU.ActiveCfg = Release with Code Analysis|Any CPU
		{2CA5E547-4567-45C9-8240-A408BCA5C714}.Release with Code Analysis|Any CPU.Build.0 = Release with Code Analysis|Any CPU
		{2CA5E547-4567-45C9-8240-A408BCA5C714}.Release with Code Analysis|Mixed Platforms.ActiveCfg = Release with Code Analysis|Any CPU
		{2CA5E547-4567-45C9-8240-A408BCA5C714}.Release with Code Analysis|Mixed Platforms.Build.0 = Release with Code Analysis|Any CPU
		{2CA5E547-4567-45C9-8240-A408BCA5C714}.Release with Code Analysis|x64.ActiveCfg = Release with Code Analysis|Any CPU
		{2CA5E547-4567-45C9-8240-A408BCA5C714}.Release with Code Analysis|x86.ActiveCfg = Release with Code Analysis|Any CPU
		{2CA5E547-4567-45C9-8240-A408BCA5C714}.Release|Any CPU.ActiveCfg = Release|Any CPU
		{2CA5E547-4567-45C9-8240-A408BCA5C714}.Release|Any CPU.Build.0 = Release|Any CPU
		{2CA5E547-4567-45C9-8240-A408BCA5C714}.Release|Mixed Platforms.ActiveCfg = Release|Any CPU
		{2CA5E547-4567-45C9-8240-A408BCA5C714}.Release|Mixed Platforms.Build.0 = Release|Any CPU
		{2CA5E547-4567-45C9-8240-A408BCA5C714}.Release|x64.ActiveCfg = Release|Any CPU
		{2CA5E547-4567-45C9-8240-A408BCA5C714}.Release|x86.ActiveCfg = Release|Any CPU
		{B74404A5-3CE0-4AB0-9378-D642F6B2ECD3}.Debug on Surface|Any CPU.ActiveCfg = Debug|Any CPU
		{B74404A5-3CE0-4AB0-9378-D642F6B2ECD3}.Debug on Surface|Any CPU.Build.0 = Debug|Any CPU
		{B74404A5-3CE0-4AB0-9378-D642F6B2ECD3}.Debug on Surface|Mixed Platforms.ActiveCfg = Debug|Any CPU
		{B74404A5-3CE0-4AB0-9378-D642F6B2ECD3}.Debug on Surface|Mixed Platforms.Build.0 = Debug|Any CPU
		{B74404A5-3CE0-4AB0-9378-D642F6B2ECD3}.Debug on Surface|x64.ActiveCfg = Debug|Any CPU
		{B74404A5-3CE0-4AB0-9378-D642F6B2ECD3}.Debug on Surface|x86.ActiveCfg = Debug|Any CPU
		{B74404A5-3CE0-4AB0-9378-D642F6B2ECD3}.Debug|Any CPU.ActiveCfg = Debug|Any CPU
		{B74404A5-3CE0-4AB0-9378-D642F6B2ECD3}.Debug|Any CPU.Build.0 = Debug|Any CPU
		{B74404A5-3CE0-4AB0-9378-D642F6B2ECD3}.Debug|Mixed Platforms.ActiveCfg = Debug|Any CPU
		{B74404A5-3CE0-4AB0-9378-D642F6B2ECD3}.Debug|Mixed Platforms.Build.0 = Debug|Any CPU
		{B74404A5-3CE0-4AB0-9378-D642F6B2ECD3}.Debug|x64.ActiveCfg = Debug|Any CPU
		{B74404A5-3CE0-4AB0-9378-D642F6B2ECD3}.Debug|x86.ActiveCfg = Debug|Any CPU
		{B74404A5-3CE0-4AB0-9378-D642F6B2ECD3}.DelaySignedRelease|Any CPU.ActiveCfg = Release|Any CPU
		{B74404A5-3CE0-4AB0-9378-D642F6B2ECD3}.DelaySignedRelease|Any CPU.Build.0 = Release|Any CPU
		{B74404A5-3CE0-4AB0-9378-D642F6B2ECD3}.DelaySignedRelease|Mixed Platforms.ActiveCfg = Release|Any CPU
		{B74404A5-3CE0-4AB0-9378-D642F6B2ECD3}.DelaySignedRelease|Mixed Platforms.Build.0 = Release|Any CPU
		{B74404A5-3CE0-4AB0-9378-D642F6B2ECD3}.DelaySignedRelease|x64.ActiveCfg = Release|Any CPU
		{B74404A5-3CE0-4AB0-9378-D642F6B2ECD3}.DelaySignedRelease|x86.ActiveCfg = Release|Any CPU
		{B74404A5-3CE0-4AB0-9378-D642F6B2ECD3}.Release with Code Analysis|Any CPU.ActiveCfg = Release|Any CPU
		{B74404A5-3CE0-4AB0-9378-D642F6B2ECD3}.Release with Code Analysis|Any CPU.Build.0 = Release|Any CPU
		{B74404A5-3CE0-4AB0-9378-D642F6B2ECD3}.Release with Code Analysis|Mixed Platforms.ActiveCfg = Release|Any CPU
		{B74404A5-3CE0-4AB0-9378-D642F6B2ECD3}.Release with Code Analysis|Mixed Platforms.Build.0 = Release|Any CPU
		{B74404A5-3CE0-4AB0-9378-D642F6B2ECD3}.Release with Code Analysis|x64.ActiveCfg = Release|Any CPU
		{B74404A5-3CE0-4AB0-9378-D642F6B2ECD3}.Release with Code Analysis|x86.ActiveCfg = Release|Any CPU
		{B74404A5-3CE0-4AB0-9378-D642F6B2ECD3}.Release|Any CPU.ActiveCfg = Release|Any CPU
		{B74404A5-3CE0-4AB0-9378-D642F6B2ECD3}.Release|Any CPU.Build.0 = Release|Any CPU
		{B74404A5-3CE0-4AB0-9378-D642F6B2ECD3}.Release|Mixed Platforms.ActiveCfg = Release|Any CPU
		{B74404A5-3CE0-4AB0-9378-D642F6B2ECD3}.Release|Mixed Platforms.Build.0 = Release|Any CPU
		{B74404A5-3CE0-4AB0-9378-D642F6B2ECD3}.Release|x64.ActiveCfg = Release|Any CPU
		{B74404A5-3CE0-4AB0-9378-D642F6B2ECD3}.Release|x86.ActiveCfg = Release|Any CPU
		{F828A445-108C-4A20-B596-7E6093C700CB}.Debug on Surface|Any CPU.ActiveCfg = Debug|Any CPU
		{F828A445-108C-4A20-B596-7E6093C700CB}.Debug on Surface|Any CPU.Build.0 = Debug|Any CPU
		{F828A445-108C-4A20-B596-7E6093C700CB}.Debug on Surface|Mixed Platforms.ActiveCfg = Debug|Any CPU
		{F828A445-108C-4A20-B596-7E6093C700CB}.Debug on Surface|Mixed Platforms.Build.0 = Debug|Any CPU
		{F828A445-108C-4A20-B596-7E6093C700CB}.Debug on Surface|x64.ActiveCfg = Debug|Any CPU
		{F828A445-108C-4A20-B596-7E6093C700CB}.Debug on Surface|x86.ActiveCfg = Debug|Any CPU
		{F828A445-108C-4A20-B596-7E6093C700CB}.Debug|Any CPU.ActiveCfg = Debug|Any CPU
		{F828A445-108C-4A20-B596-7E6093C700CB}.Debug|Any CPU.Build.0 = Debug|Any CPU
		{F828A445-108C-4A20-B596-7E6093C700CB}.Debug|Mixed Platforms.ActiveCfg = Debug|Any CPU
		{F828A445-108C-4A20-B596-7E6093C700CB}.Debug|Mixed Platforms.Build.0 = Debug|Any CPU
		{F828A445-108C-4A20-B596-7E6093C700CB}.Debug|x64.ActiveCfg = Debug|Any CPU
		{F828A445-108C-4A20-B596-7E6093C700CB}.Debug|x86.ActiveCfg = Debug|Any CPU
		{F828A445-108C-4A20-B596-7E6093C700CB}.DelaySignedRelease|Any CPU.ActiveCfg = Release|Any CPU
		{F828A445-108C-4A20-B596-7E6093C700CB}.DelaySignedRelease|Any CPU.Build.0 = Release|Any CPU
		{F828A445-108C-4A20-B596-7E6093C700CB}.DelaySignedRelease|Mixed Platforms.ActiveCfg = Release|Any CPU
		{F828A445-108C-4A20-B596-7E6093C700CB}.DelaySignedRelease|Mixed Platforms.Build.0 = Release|Any CPU
		{F828A445-108C-4A20-B596-7E6093C700CB}.DelaySignedRelease|x64.ActiveCfg = Release|Any CPU
		{F828A445-108C-4A20-B596-7E6093C700CB}.DelaySignedRelease|x86.ActiveCfg = Release|Any CPU
		{F828A445-108C-4A20-B596-7E6093C700CB}.Release with Code Analysis|Any CPU.ActiveCfg = Release|Any CPU
		{F828A445-108C-4A20-B596-7E6093C700CB}.Release with Code Analysis|Any CPU.Build.0 = Release|Any CPU
		{F828A445-108C-4A20-B596-7E6093C700CB}.Release with Code Analysis|Mixed Platforms.ActiveCfg = Release|Any CPU
		{F828A445-108C-4A20-B596-7E6093C700CB}.Release with Code Analysis|Mixed Platforms.Build.0 = Release|Any CPU
		{F828A445-108C-4A20-B596-7E6093C700CB}.Release with Code Analysis|x64.ActiveCfg = Release|Any CPU
		{F828A445-108C-4A20-B596-7E6093C700CB}.Release with Code Analysis|x86.ActiveCfg = Release|Any CPU
		{F828A445-108C-4A20-B596-7E6093C700CB}.Release|Any CPU.ActiveCfg = Release|Any CPU
		{F828A445-108C-4A20-B596-7E6093C700CB}.Release|Any CPU.Build.0 = Release|Any CPU
		{F828A445-108C-4A20-B596-7E6093C700CB}.Release|Mixed Platforms.ActiveCfg = Release|Any CPU
		{F828A445-108C-4A20-B596-7E6093C700CB}.Release|Mixed Platforms.Build.0 = Release|Any CPU
		{F828A445-108C-4A20-B596-7E6093C700CB}.Release|x64.ActiveCfg = Release|Any CPU
		{F828A445-108C-4A20-B596-7E6093C700CB}.Release|x86.ActiveCfg = Release|Any CPU
		{72E591D6-8F83-4D8C-8F67-9C325E623234}.Debug on Surface|Any CPU.ActiveCfg = Debug|Any CPU
		{72E591D6-8F83-4D8C-8F67-9C325E623234}.Debug on Surface|Any CPU.Build.0 = Debug|Any CPU
		{72E591D6-8F83-4D8C-8F67-9C325E623234}.Debug on Surface|Mixed Platforms.ActiveCfg = Debug|Any CPU
		{72E591D6-8F83-4D8C-8F67-9C325E623234}.Debug on Surface|Mixed Platforms.Build.0 = Debug|Any CPU
		{72E591D6-8F83-4D8C-8F67-9C325E623234}.Debug on Surface|x64.ActiveCfg = Debug|Any CPU
		{72E591D6-8F83-4D8C-8F67-9C325E623234}.Debug on Surface|x86.ActiveCfg = Debug|Any CPU
		{72E591D6-8F83-4D8C-8F67-9C325E623234}.Debug|Any CPU.ActiveCfg = Debug|Any CPU
		{72E591D6-8F83-4D8C-8F67-9C325E623234}.Debug|Any CPU.Build.0 = Debug|Any CPU
		{72E591D6-8F83-4D8C-8F67-9C325E623234}.Debug|Mixed Platforms.ActiveCfg = Debug|Any CPU
		{72E591D6-8F83-4D8C-8F67-9C325E623234}.Debug|Mixed Platforms.Build.0 = Debug|Any CPU
		{72E591D6-8F83-4D8C-8F67-9C325E623234}.Debug|x64.ActiveCfg = Debug|Any CPU
		{72E591D6-8F83-4D8C-8F67-9C325E623234}.Debug|x86.ActiveCfg = Debug|Any CPU
		{72E591D6-8F83-4D8C-8F67-9C325E623234}.DelaySignedRelease|Any CPU.ActiveCfg = Release|Any CPU
		{72E591D6-8F83-4D8C-8F67-9C325E623234}.DelaySignedRelease|Any CPU.Build.0 = Release|Any CPU
		{72E591D6-8F83-4D8C-8F67-9C325E623234}.DelaySignedRelease|Mixed Platforms.ActiveCfg = Release|Any CPU
		{72E591D6-8F83-4D8C-8F67-9C325E623234}.DelaySignedRelease|Mixed Platforms.Build.0 = Release|Any CPU
		{72E591D6-8F83-4D8C-8F67-9C325E623234}.DelaySignedRelease|x64.ActiveCfg = Release|Any CPU
		{72E591D6-8F83-4D8C-8F67-9C325E623234}.DelaySignedRelease|x86.ActiveCfg = Release|Any CPU
		{72E591D6-8F83-4D8C-8F67-9C325E623234}.Release with Code Analysis|Any CPU.ActiveCfg = Release|Any CPU
		{72E591D6-8F83-4D8C-8F67-9C325E623234}.Release with Code Analysis|Any CPU.Build.0 = Release|Any CPU
		{72E591D6-8F83-4D8C-8F67-9C325E623234}.Release with Code Analysis|Mixed Platforms.ActiveCfg = Release|Any CPU
		{72E591D6-8F83-4D8C-8F67-9C325E623234}.Release with Code Analysis|Mixed Platforms.Build.0 = Release|Any CPU
		{72E591D6-8F83-4D8C-8F67-9C325E623234}.Release with Code Analysis|x64.ActiveCfg = Release|Any CPU
		{72E591D6-8F83-4D8C-8F67-9C325E623234}.Release with Code Analysis|x86.ActiveCfg = Release|Any CPU
		{72E591D6-8F83-4D8C-8F67-9C325E623234}.Release|Any CPU.ActiveCfg = Release|Any CPU
		{72E591D6-8F83-4D8C-8F67-9C325E623234}.Release|Any CPU.Build.0 = Release|Any CPU
		{72E591D6-8F83-4D8C-8F67-9C325E623234}.Release|Mixed Platforms.ActiveCfg = Release|Any CPU
		{72E591D6-8F83-4D8C-8F67-9C325E623234}.Release|Mixed Platforms.Build.0 = Release|Any CPU
		{72E591D6-8F83-4D8C-8F67-9C325E623234}.Release|x64.ActiveCfg = Release|Any CPU
		{72E591D6-8F83-4D8C-8F67-9C325E623234}.Release|x86.ActiveCfg = Release|Any CPU
		{C73E9834-C8DF-4E81-8B4E-6CE23C330FE8}.Debug on Surface|Any CPU.ActiveCfg = Debug|Any CPU
		{C73E9834-C8DF-4E81-8B4E-6CE23C330FE8}.Debug on Surface|Any CPU.Build.0 = Debug|Any CPU
		{C73E9834-C8DF-4E81-8B4E-6CE23C330FE8}.Debug on Surface|Mixed Platforms.ActiveCfg = Debug|Any CPU
		{C73E9834-C8DF-4E81-8B4E-6CE23C330FE8}.Debug on Surface|Mixed Platforms.Build.0 = Debug|Any CPU
		{C73E9834-C8DF-4E81-8B4E-6CE23C330FE8}.Debug on Surface|x64.ActiveCfg = Debug|Any CPU
		{C73E9834-C8DF-4E81-8B4E-6CE23C330FE8}.Debug on Surface|x86.ActiveCfg = Debug|Any CPU
		{C73E9834-C8DF-4E81-8B4E-6CE23C330FE8}.Debug|Any CPU.ActiveCfg = Debug|Any CPU
		{C73E9834-C8DF-4E81-8B4E-6CE23C330FE8}.Debug|Any CPU.Build.0 = Debug|Any CPU
		{C73E9834-C8DF-4E81-8B4E-6CE23C330FE8}.Debug|Mixed Platforms.ActiveCfg = Debug|Any CPU
		{C73E9834-C8DF-4E81-8B4E-6CE23C330FE8}.Debug|Mixed Platforms.Build.0 = Debug|Any CPU
		{C73E9834-C8DF-4E81-8B4E-6CE23C330FE8}.Debug|x64.ActiveCfg = Debug|Any CPU
		{C73E9834-C8DF-4E81-8B4E-6CE23C330FE8}.Debug|x86.ActiveCfg = Debug|Any CPU
		{C73E9834-C8DF-4E81-8B4E-6CE23C330FE8}.DelaySignedRelease|Any CPU.ActiveCfg = Release|Any CPU
		{C73E9834-C8DF-4E81-8B4E-6CE23C330FE8}.DelaySignedRelease|Any CPU.Build.0 = Release|Any CPU
		{C73E9834-C8DF-4E81-8B4E-6CE23C330FE8}.DelaySignedRelease|Mixed Platforms.ActiveCfg = Release|Any CPU
		{C73E9834-C8DF-4E81-8B4E-6CE23C330FE8}.DelaySignedRelease|Mixed Platforms.Build.0 = Release|Any CPU
		{C73E9834-C8DF-4E81-8B4E-6CE23C330FE8}.DelaySignedRelease|x64.ActiveCfg = Release|Any CPU
		{C73E9834-C8DF-4E81-8B4E-6CE23C330FE8}.DelaySignedRelease|x86.ActiveCfg = Release|Any CPU
		{C73E9834-C8DF-4E81-8B4E-6CE23C330FE8}.Release with Code Analysis|Any CPU.ActiveCfg = Release|Any CPU
		{C73E9834-C8DF-4E81-8B4E-6CE23C330FE8}.Release with Code Analysis|Any CPU.Build.0 = Release|Any CPU
		{C73E9834-C8DF-4E81-8B4E-6CE23C330FE8}.Release with Code Analysis|Mixed Platforms.ActiveCfg = Release|Any CPU
		{C73E9834-C8DF-4E81-8B4E-6CE23C330FE8}.Release with Code Analysis|Mixed Platforms.Build.0 = Release|Any CPU
		{C73E9834-C8DF-4E81-8B4E-6CE23C330FE8}.Release with Code Analysis|x64.ActiveCfg = Release|Any CPU
		{C73E9834-C8DF-4E81-8B4E-6CE23C330FE8}.Release with Code Analysis|x86.ActiveCfg = Release|Any CPU
		{C73E9834-C8DF-4E81-8B4E-6CE23C330FE8}.Release|Any CPU.ActiveCfg = Release|Any CPU
		{C73E9834-C8DF-4E81-8B4E-6CE23C330FE8}.Release|Any CPU.Build.0 = Release|Any CPU
		{C73E9834-C8DF-4E81-8B4E-6CE23C330FE8}.Release|Mixed Platforms.ActiveCfg = Release|Any CPU
		{C73E9834-C8DF-4E81-8B4E-6CE23C330FE8}.Release|Mixed Platforms.Build.0 = Release|Any CPU
		{C73E9834-C8DF-4E81-8B4E-6CE23C330FE8}.Release|x64.ActiveCfg = Release|Any CPU
		{C73E9834-C8DF-4E81-8B4E-6CE23C330FE8}.Release|x86.ActiveCfg = Release|Any CPU
	EndGlobalSection
	GlobalSection(SolutionProperties) = preSolution
		HideSolutionNode = FALSE
	EndGlobalSection
	GlobalSection(NestedProjects) = preSolution
		{77138947-1D13-4E22-AEE0-5D0DD046CA34} = {B1F3C205-BE34-4A2E-AB57-E986FB0E87CC}
		{17831F3B-6B82-4916-BD2B-2CE2071EA622} = {B1F3C205-BE34-4A2E-AB57-E986FB0E87CC}
		{FAF6D6B2-1EC9-4A1B-83BB-48F772E948CF} = {B1F3C205-BE34-4A2E-AB57-E986FB0E87CC}
		{EE1F752C-1FAB-41AD-AD63-857D0E62AB6B} = {B1F3C205-BE34-4A2E-AB57-E986FB0E87CC}
		{DE856812-A32C-4866-801E-AF396D711942} = {B1F3C205-BE34-4A2E-AB57-E986FB0E87CC}
	EndGlobalSection
EndGlobal
